
Microsoft Visual Studio Solution File, Format Version 12.00
# Visual Studio Version 17
VisualStudioVersion = 17.2.32526.322
MinimumVisualStudioVersion = 10.0.40219.1
Project("{FAE04EC0-301F-11D3-BF4B-00C04F79EFBC}") = "CabInvoiceGenerator", "CabInvoiceGenerator\CabInvoiceGenerator.csproj", "{B90D2F42-402A-4259-8912-B93A445B3DF9}"
EndProject
Global
	GlobalSection(SolutionConfigurationPlatforms) = preSolution
		Debug|Any CPU = Debug|Any CPU
		Release|Any CPU = Release|Any CPU
	EndGlobalSection
	GlobalSection(ProjectConfigurationPlatforms) = postSolution
		{B90D2F42-402A-4259-8912-B93A445B3DF9}.Debug|Any CPU.ActiveCfg = Debug|Any CPU
		{B90D2F42-402A-4259-8912-B93A445B3DF9}.Debug|Any CPU.Build.0 = Debug|Any CPU
		{B90D2F42-402A-4259-8912-B93A445B3DF9}.Release|Any CPU.ActiveCfg = Release|Any CPU
		{B90D2F42-402A-4259-8912-B93A445B3DF9}.Release|Any CPU.Build.0 = Release|Any CPU
	EndGlobalSection
	GlobalSection(SolutionProperties) = preSolution
		HideSolutionNode = FALSE
	EndGlobalSection
	GlobalSection(ExtensibilityGlobals) = postSolution
		SolutionGuid = {23EDDCE5-9D06-4032-8C47-58AB9999C307}
	EndGlobalSection
EndGlobal
